
Microsoft Visual Studio Solution File, Format Version 12.00
# Visual Studio Version 17
VisualStudioVersion = 17.14.36301.6 d17.14
MinimumVisualStudioVersion = 10.0.40219.1
Project("{2150E333-8FDC-42A3-9474-1A3956D46DE8}") = "src", "src", "{02EA681E-C7D8-13C7-8484-4AC65E1B71E8}"
EndProject
Project("{2150E333-8FDC-42A3-9474-1A3956D46DE8}") = "Core", "Core", "{007DE613-F136-4185-9534-B8C6CF2A67C4}"
EndProject
Project("{2150E333-8FDC-42A3-9474-1A3956D46DE8}") = "Infrastructure", "Infrastructure", "{666B2DCD-AC78-46CA-80DC-27BE8148E3C3}"
EndProject
Project("{2150E333-8FDC-42A3-9474-1A3956D46DE8}") = "Presentation", "Presentation", "{F0E6BBB9-7CF8-4068-86C2-4D25AA52F4C6}"
EndProject
Project("{FAE04EC0-301F-11D3-BF4B-00C04F79EFBC}") = "PMS.Domain", "PMS.Domain\PMS.Domain.csproj", "{52FD879D-CC38-4F9F-987A-2294D9D03B5C}"
EndProject
Project("{FAE04EC0-301F-11D3-BF4B-00C04F79EFBC}") = "PMS.Application", "PMS.Application\PMS.Application.csproj", "{47023F54-23BD-46C3-B5E4-1EC717032871}"
EndProject
Project("{FAE04EC0-301F-11D3-BF4B-00C04F79EFBC}") = "PMS.Infrastructure", "PMS.Infrastructure\PMS.Infrastructure.csproj", "{03F645C4-8DB6-42A3-856D-FAC179C3078A}"
EndProject
Project("{FAE04EC0-301F-11D3-BF4B-00C04F79EFBC}") = "PMS.Persistence", "PMS.Persistence\PMS.Persistence.csproj", "{DEEE659F-4C50-4C7C-ADE6-9032C8D2701C}"
EndProject
Project("{FAE04EC0-301F-11D3-BF4B-00C04F79EFBC}") = "PMS.WebAPI", "PMS.WebAPI\PMS.WebAPI.csproj", "{7B830C09-A853-4FF0-AA62-B71FA921301F}"
EndProject
Global
	GlobalSection(SolutionConfigurationPlatforms) = preSolution
		Debug|Any CPU = Debug|Any CPU
		Release|Any CPU = Release|Any CPU
	EndGlobalSection
	GlobalSection(ProjectConfigurationPlatforms) = postSolution
		{52FD879D-CC38-4F9F-987A-2294D9D03B5C}.Debug|Any CPU.ActiveCfg = Debug|Any CPU
		{52FD879D-CC38-4F9F-987A-2294D9D03B5C}.Debug|Any CPU.Build.0 = Debug|Any CPU
		{52FD879D-CC38-4F9F-987A-2294D9D03B5C}.Release|Any CPU.ActiveCfg = Release|Any CPU
		{52FD879D-CC38-4F9F-987A-2294D9D03B5C}.Release|Any CPU.Build.0 = Release|Any CPU
		{47023F54-23BD-46C3-B5E4-1EC717032871}.Debug|Any CPU.ActiveCfg = Debug|Any CPU
		{47023F54-23BD-46C3-B5E4-1EC717032871}.Debug|Any CPU.Build.0 = Debug|Any CPU
		{47023F54-23BD-46C3-B5E4-1EC717032871}.Release|Any CPU.ActiveCfg = Release|Any CPU
		{47023F54-23BD-46C3-B5E4-1EC717032871}.Release|Any CPU.Build.0 = Release|Any CPU
		{03F645C4-8DB6-42A3-856D-FAC179C3078A}.Debug|Any CPU.ActiveCfg = Debug|Any CPU
		{03F645C4-8DB6-42A3-856D-FAC179C3078A}.Debug|Any CPU.Build.0 = Debug|Any CPU
		{03F645C4-8DB6-42A3-856D-FAC179C3078A}.Release|Any CPU.ActiveCfg = Release|Any CPU
		{03F645C4-8DB6-42A3-856D-FAC179C3078A}.Release|Any CPU.Build.0 = Release|Any CPU
		{DEEE659F-4C50-4C7C-ADE6-9032C8D2701C}.Debug|Any CPU.ActiveCfg = Debug|Any CPU
		{DEEE659F-4C50-4C7C-ADE6-9032C8D2701C}.Debug|Any CPU.Build.0 = Debug|Any CPU
		{DEEE659F-4C50-4C7C-ADE6-9032C8D2701C}.Release|Any CPU.ActiveCfg = Release|Any CPU
		{DEEE659F-4C50-4C7C-ADE6-9032C8D2701C}.Release|Any CPU.Build.0 = Release|Any CPU
		{7B830C09-A853-4FF0-AA62-B71FA921301F}.Debug|Any CPU.ActiveCfg = Debug|Any CPU
		{7B830C09-A853-4FF0-AA62-B71FA921301F}.Debug|Any CPU.Build.0 = Debug|Any CPU
		{7B830C09-A853-4FF0-AA62-B71FA921301F}.Release|Any CPU.ActiveCfg = Release|Any CPU
		{7B830C09-A853-4FF0-AA62-B71FA921301F}.Release|Any CPU.Build.0 = Release|Any CPU
	EndGlobalSection
	GlobalSection(SolutionProperties) = preSolution
		HideSolutionNode = FALSE
	EndGlobalSection
	GlobalSection(NestedProjects) = preSolution
		{007DE613-F136-4185-9534-B8C6CF2A67C4} = {02EA681E-C7D8-13C7-8484-4AC65E1B71E8}
		{666B2DCD-AC78-46CA-80DC-27BE8148E3C3} = {02EA681E-C7D8-13C7-8484-4AC65E1B71E8}
		{F0E6BBB9-7CF8-4068-86C2-4D25AA52F4C6} = {02EA681E-C7D8-13C7-8484-4AC65E1B71E8}
		{52FD879D-CC38-4F9F-987A-2294D9D03B5C} = {007DE613-F136-4185-9534-B8C6CF2A67C4}
		{47023F54-23BD-46C3-B5E4-1EC717032871} = {007DE613-F136-4185-9534-B8C6CF2A67C4}
		{03F645C4-8DB6-42A3-856D-FAC179C3078A} = {666B2DCD-AC78-46CA-80DC-27BE8148E3C3}
		{DEEE659F-4C50-4C7C-ADE6-9032C8D2701C} = {666B2DCD-AC78-46CA-80DC-27BE8148E3C3}
		{7B830C09-A853-4FF0-AA62-B71FA921301F} = {F0E6BBB9-7CF8-4068-86C2-4D25AA52F4C6}
	EndGlobalSection
	GlobalSection(ExtensibilityGlobals) = postSolution
		SolutionGuid = {2183AA42-1B46-45AD-8099-BA7A8ECB9AB8}
	EndGlobalSection
EndGlobal
